
Microsoft Visual Studio Solution File, Format Version 12.00
# Visual Studio 15
VisualStudioVersion = 15.0.26430.6
MinimumVisualStudioVersion = 10.0.40219.1
Project("{FAE04EC0-301F-11D3-BF4B-00C04F79EFBC}") = "Plugin.Toolbar.Badge.Abstractions", "Plugin.Toolbar.Badge.Abstractions\Plugin.Toolbar.Badge.Abstractions.csproj", "{BAD0FE40-5D1E-4B7D-9318-39E2E6366161}"
EndProject
Project("{FAE04EC0-301F-11D3-BF4B-00C04F79EFBC}") = "Plugin.Toolbar.Badge.Droid", "Plugin.Toolbar.Badge.Droid\Plugin.Toolbar.Badge.Droid.csproj", "{DAE19596-01DB-49EB-9C67-2B7CF40FDA87}"
EndProject
Project("{FAE04EC0-301F-11D3-BF4B-00C04F79EFBC}") = "Plugin.Toolbar.Badge.iOS", "Plugin.Toolbar.Badge.iOS\Plugin.Toolbar.Badge.iOS.csproj", "{276D425F-E8DD-4390-AB93-1A9C70DF2F1A}"
EndProject
Project("{FAE04EC0-301F-11D3-BF4B-00C04F79EFBC}") = "Plugin.Toolbar.Badge.UWP", "Plugin.Toolbar.Badge.UWP\Plugin.Toolbar.Badge.UWP.csproj", "{1638E71C-2338-4E82-91C7-67A0A253B6BD}"
EndProject
Project("{2150E333-8FDC-42A3-9474-1A3956D46DE8}") = "Sample", "Sample", "{5E8C8422-3EB8-43D3-9257-7A5FD7A42D3D}"
EndProject
Project("{FAE04EC0-301F-11D3-BF4B-00C04F79EFBC}") = "ToolbarBadge.Sample.Android", "Sample\ToolbarBadge.Sample\ToolbarBadge.Sample.Android\ToolbarBadge.Sample.Android.csproj", "{69AB9CE6-F68B-4B57-A88B-5BD9DBFA6CDD}"
EndProject
Project("{FAE04EC0-301F-11D3-BF4B-00C04F79EFBC}") = "ToolbarBadge.Sample", "Sample\ToolbarBadge.Sample\ToolbarBadge.Sample\ToolbarBadge.Sample.csproj", "{6A2CFCB1-3A32-4821-89A1-8155F086BE40}"
EndProject
Project("{FAE04EC0-301F-11D3-BF4B-00C04F79EFBC}") = "ToolbarBadge.Sample.UWP", "Sample\ToolbarBadge.Sample\ToolbarBadge.Sample.UWP\ToolbarBadge.Sample.UWP.csproj", "{DA386324-5E72-4F80-BA1C-3EA0B98234B0}"
EndProject
Project("{FAE04EC0-301F-11D3-BF4B-00C04F79EFBC}") = "ToolbarBadge.Sample.iOS", "Sample\ToolbarBadge.Sample\ToolbarBadge.Sample.iOS\ToolbarBadge.Sample.iOS.csproj", "{89D1D5DB-032B-4373-871D-CFC8050C5F6D}"
EndProject
Global
	GlobalSection(SolutionConfigurationPlatforms) = preSolution
		Ad-Hoc|Any CPU = Ad-Hoc|Any CPU
		Ad-Hoc|ARM = Ad-Hoc|ARM
		Ad-Hoc|iPhone = Ad-Hoc|iPhone
		Ad-Hoc|iPhoneSimulator = Ad-Hoc|iPhoneSimulator
		Ad-Hoc|x64 = Ad-Hoc|x64
		Ad-Hoc|x86 = Ad-Hoc|x86
		AppStore|Any CPU = AppStore|Any CPU
		AppStore|ARM = AppStore|ARM
		AppStore|iPhone = AppStore|iPhone
		AppStore|iPhoneSimulator = AppStore|iPhoneSimulator
		AppStore|x64 = AppStore|x64
		AppStore|x86 = AppStore|x86
		Debug|Any CPU = Debug|Any CPU
		Debug|ARM = Debug|ARM
		Debug|iPhone = Debug|iPhone
		Debug|iPhoneSimulator = Debug|iPhoneSimulator
		Debug|x64 = Debug|x64
		Debug|x86 = Debug|x86
		Release|Any CPU = Release|Any CPU
		Release|ARM = Release|ARM
		Release|iPhone = Release|iPhone
		Release|iPhoneSimulator = Release|iPhoneSimulator
		Release|x64 = Release|x64
		Release|x86 = Release|x86
	EndGlobalSection
	GlobalSection(ProjectConfigurationPlatforms) = postSolution
		{BAD0FE40-5D1E-4B7D-9318-39E2E6366161}.Ad-Hoc|Any CPU.ActiveCfg = Release|Any CPU
		{BAD0FE40-5D1E-4B7D-9318-39E2E6366161}.Ad-Hoc|Any CPU.Build.0 = Release|Any CPU
		{BAD0FE40-5D1E-4B7D-9318-39E2E6366161}.Ad-Hoc|ARM.ActiveCfg = Release|Any CPU
		{BAD0FE40-5D1E-4B7D-9318-39E2E6366161}.Ad-Hoc|ARM.Build.0 = Release|Any CPU
		{BAD0FE40-5D1E-4B7D-9318-39E2E6366161}.Ad-Hoc|iPhone.ActiveCfg = Release|Any CPU
		{BAD0FE40-5D1E-4B7D-9318-39E2E6366161}.Ad-Hoc|iPhone.Build.0 = Release|Any CPU
		{BAD0FE40-5D1E-4B7D-9318-39E2E6366161}.Ad-Hoc|iPhoneSimulator.ActiveCfg = Release|Any CPU
		{BAD0FE40-5D1E-4B7D-9318-39E2E6366161}.Ad-Hoc|iPhoneSimulator.Build.0 = Release|Any CPU
		{BAD0FE40-5D1E-4B7D-9318-39E2E6366161}.Ad-Hoc|x64.ActiveCfg = Release|Any CPU
		{BAD0FE40-5D1E-4B7D-9318-39E2E6366161}.Ad-Hoc|x64.Build.0 = Release|Any CPU
		{BAD0FE40-5D1E-4B7D-9318-39E2E6366161}.Ad-Hoc|x86.ActiveCfg = Release|Any CPU
		{BAD0FE40-5D1E-4B7D-9318-39E2E6366161}.Ad-Hoc|x86.Build.0 = Release|Any CPU
		{BAD0FE40-5D1E-4B7D-9318-39E2E6366161}.AppStore|Any CPU.ActiveCfg = Release|Any CPU
		{BAD0FE40-5D1E-4B7D-9318-39E2E6366161}.AppStore|Any CPU.Build.0 = Release|Any CPU
		{BAD0FE40-5D1E-4B7D-9318-39E2E6366161}.AppStore|ARM.ActiveCfg = Release|Any CPU
		{BAD0FE40-5D1E-4B7D-9318-39E2E6366161}.AppStore|ARM.Build.0 = Release|Any CPU
		{BAD0FE40-5D1E-4B7D-9318-39E2E6366161}.AppStore|iPhone.ActiveCfg = Release|Any CPU
		{BAD0FE40-5D1E-4B7D-9318-39E2E6366161}.AppStore|iPhone.Build.0 = Release|Any CPU
		{BAD0FE40-5D1E-4B7D-9318-39E2E6366161}.AppStore|iPhoneSimulator.ActiveCfg = Release|Any CPU
		{BAD0FE40-5D1E-4B7D-9318-39E2E6366161}.AppStore|iPhoneSimulator.Build.0 = Release|Any CPU
		{BAD0FE40-5D1E-4B7D-9318-39E2E6366161}.AppStore|x64.ActiveCfg = Release|Any CPU
		{BAD0FE40-5D1E-4B7D-9318-39E2E6366161}.AppStore|x64.Build.0 = Release|Any CPU
		{BAD0FE40-5D1E-4B7D-9318-39E2E6366161}.AppStore|x86.ActiveCfg = Release|Any CPU
		{BAD0FE40-5D1E-4B7D-9318-39E2E6366161}.AppStore|x86.Build.0 = Release|Any CPU
		{BAD0FE40-5D1E-4B7D-9318-39E2E6366161}.Debug|Any CPU.ActiveCfg = Debug|Any CPU
		{BAD0FE40-5D1E-4B7D-9318-39E2E6366161}.Debug|Any CPU.Build.0 = Debug|Any CPU
		{BAD0FE40-5D1E-4B7D-9318-39E2E6366161}.Debug|ARM.ActiveCfg = Debug|Any CPU
		{BAD0FE40-5D1E-4B7D-9318-39E2E6366161}.Debug|ARM.Build.0 = Debug|Any CPU
		{BAD0FE40-5D1E-4B7D-9318-39E2E6366161}.Debug|iPhone.ActiveCfg = Debug|Any CPU
		{BAD0FE40-5D1E-4B7D-9318-39E2E6366161}.Debug|iPhone.Build.0 = Debug|Any CPU
		{BAD0FE40-5D1E-4B7D-9318-39E2E6366161}.Debug|iPhoneSimulator.ActiveCfg = Debug|Any CPU
		{BAD0FE40-5D1E-4B7D-9318-39E2E6366161}.Debug|iPhoneSimulator.Build.0 = Debug|Any CPU
		{BAD0FE40-5D1E-4B7D-9318-39E2E6366161}.Debug|x64.ActiveCfg = Debug|Any CPU
		{BAD0FE40-5D1E-4B7D-9318-39E2E6366161}.Debug|x64.Build.0 = Debug|Any CPU
		{BAD0FE40-5D1E-4B7D-9318-39E2E6366161}.Debug|x86.ActiveCfg = Debug|Any CPU
		{BAD0FE40-5D1E-4B7D-9318-39E2E6366161}.Debug|x86.Build.0 = Debug|Any CPU
		{BAD0FE40-5D1E-4B7D-9318-39E2E6366161}.Release|Any CPU.ActiveCfg = Release|Any CPU
		{BAD0FE40-5D1E-4B7D-9318-39E2E6366161}.Release|Any CPU.Build.0 = Release|Any CPU
		{BAD0FE40-5D1E-4B7D-9318-39E2E6366161}.Release|ARM.ActiveCfg = Release|Any CPU
		{BAD0FE40-5D1E-4B7D-9318-39E2E6366161}.Release|ARM.Build.0 = Release|Any CPU
		{BAD0FE40-5D1E-4B7D-9318-39E2E6366161}.Release|iPhone.ActiveCfg = Release|Any CPU
		{BAD0FE40-5D1E-4B7D-9318-39E2E6366161}.Release|iPhone.Build.0 = Release|Any CPU
		{BAD0FE40-5D1E-4B7D-9318-39E2E6366161}.Release|iPhoneSimulator.ActiveCfg = Release|Any CPU
		{BAD0FE40-5D1E-4B7D-9318-39E2E6366161}.Release|iPhoneSimulator.Build.0 = Release|Any CPU
		{BAD0FE40-5D1E-4B7D-9318-39E2E6366161}.Release|x64.ActiveCfg = Release|Any CPU
		{BAD0FE40-5D1E-4B7D-9318-39E2E6366161}.Release|x64.Build.0 = Release|Any CPU
		{BAD0FE40-5D1E-4B7D-9318-39E2E6366161}.Release|x86.ActiveCfg = Release|Any CPU
		{BAD0FE40-5D1E-4B7D-9318-39E2E6366161}.Release|x86.Build.0 = Release|Any CPU
		{DAE19596-01DB-49EB-9C67-2B7CF40FDA87}.Ad-Hoc|Any CPU.ActiveCfg = Release|Any CPU
		{DAE19596-01DB-49EB-9C67-2B7CF40FDA87}.Ad-Hoc|Any CPU.Build.0 = Release|Any CPU
		{DAE19596-01DB-49EB-9C67-2B7CF40FDA87}.Ad-Hoc|ARM.ActiveCfg = Release|Any CPU
		{DAE19596-01DB-49EB-9C67-2B7CF40FDA87}.Ad-Hoc|ARM.Build.0 = Release|Any CPU
		{DAE19596-01DB-49EB-9C67-2B7CF40FDA87}.Ad-Hoc|iPhone.ActiveCfg = Release|Any CPU
		{DAE19596-01DB-49EB-9C67-2B7CF40FDA87}.Ad-Hoc|iPhone.Build.0 = Release|Any CPU
		{DAE19596-01DB-49EB-9C67-2B7CF40FDA87}.Ad-Hoc|iPhoneSimulator.ActiveCfg = Release|Any CPU
		{DAE19596-01DB-49EB-9C67-2B7CF40FDA87}.Ad-Hoc|iPhoneSimulator.Build.0 = Release|Any CPU
		{DAE19596-01DB-49EB-9C67-2B7CF40FDA87}.Ad-Hoc|x64.ActiveCfg = Release|Any CPU
		{DAE19596-01DB-49EB-9C67-2B7CF40FDA87}.Ad-Hoc|x64.Build.0 = Release|Any CPU
		{DAE19596-01DB-49EB-9C67-2B7CF40FDA87}.Ad-Hoc|x86.ActiveCfg = Release|Any CPU
		{DAE19596-01DB-49EB-9C67-2B7CF40FDA87}.Ad-Hoc|x86.Build.0 = Release|Any CPU
		{DAE19596-01DB-49EB-9C67-2B7CF40FDA87}.AppStore|Any CPU.ActiveCfg = Release|Any CPU
		{DAE19596-01DB-49EB-9C67-2B7CF40FDA87}.AppStore|Any CPU.Build.0 = Release|Any CPU
		{DAE19596-01DB-49EB-9C67-2B7CF40FDA87}.AppStore|ARM.ActiveCfg = Release|Any CPU
		{DAE19596-01DB-49EB-9C67-2B7CF40FDA87}.AppStore|ARM.Build.0 = Release|Any CPU
		{DAE19596-01DB-49EB-9C67-2B7CF40FDA87}.AppStore|iPhone.ActiveCfg = Release|Any CPU
		{DAE19596-01DB-49EB-9C67-2B7CF40FDA87}.AppStore|iPhone.Build.0 = Release|Any CPU
		{DAE19596-01DB-49EB-9C67-2B7CF40FDA87}.AppStore|iPhoneSimulator.ActiveCfg = Release|Any CPU
		{DAE19596-01DB-49EB-9C67-2B7CF40FDA87}.AppStore|iPhoneSimulator.Build.0 = Release|Any CPU
		{DAE19596-01DB-49EB-9C67-2B7CF40FDA87}.AppStore|x64.ActiveCfg = Release|Any CPU
		{DAE19596-01DB-49EB-9C67-2B7CF40FDA87}.AppStore|x64.Build.0 = Release|Any CPU
		{DAE19596-01DB-49EB-9C67-2B7CF40FDA87}.AppStore|x86.ActiveCfg = Release|Any CPU
		{DAE19596-01DB-49EB-9C67-2B7CF40FDA87}.AppStore|x86.Build.0 = Release|Any CPU
		{DAE19596-01DB-49EB-9C67-2B7CF40FDA87}.Debug|Any CPU.ActiveCfg = Debug|Any CPU
		{DAE19596-01DB-49EB-9C67-2B7CF40FDA87}.Debug|Any CPU.Build.0 = Debug|Any CPU
		{DAE19596-01DB-49EB-9C67-2B7CF40FDA87}.Debug|ARM.ActiveCfg = Debug|Any CPU
		{DAE19596-01DB-49EB-9C67-2B7CF40FDA87}.Debug|ARM.Build.0 = Debug|Any CPU
		{DAE19596-01DB-49EB-9C67-2B7CF40FDA87}.Debug|iPhone.ActiveCfg = Debug|Any CPU
		{DAE19596-01DB-49EB-9C67-2B7CF40FDA87}.Debug|iPhone.Build.0 = Debug|Any CPU
		{DAE19596-01DB-49EB-9C67-2B7CF40FDA87}.Debug|iPhoneSimulator.ActiveCfg = Debug|Any CPU
		{DAE19596-01DB-49EB-9C67-2B7CF40FDA87}.Debug|iPhoneSimulator.Build.0 = Debug|Any CPU
		{DAE19596-01DB-49EB-9C67-2B7CF40FDA87}.Debug|x64.ActiveCfg = Debug|Any CPU
		{DAE19596-01DB-49EB-9C67-2B7CF40FDA87}.Debug|x64.Build.0 = Debug|Any CPU
		{DAE19596-01DB-49EB-9C67-2B7CF40FDA87}.Debug|x86.ActiveCfg = Debug|Any CPU
		{DAE19596-01DB-49EB-9C67-2B7CF40FDA87}.Debug|x86.Build.0 = Debug|Any CPU
		{DAE19596-01DB-49EB-9C67-2B7CF40FDA87}.Release|Any CPU.ActiveCfg = Release|Any CPU
		{DAE19596-01DB-49EB-9C67-2B7CF40FDA87}.Release|Any CPU.Build.0 = Release|Any CPU
		{DAE19596-01DB-49EB-9C67-2B7CF40FDA87}.Release|ARM.ActiveCfg = Release|Any CPU
		{DAE19596-01DB-49EB-9C67-2B7CF40FDA87}.Release|ARM.Build.0 = Release|Any CPU
		{DAE19596-01DB-49EB-9C67-2B7CF40FDA87}.Release|iPhone.ActiveCfg = Release|Any CPU
		{DAE19596-01DB-49EB-9C67-2B7CF40FDA87}.Release|iPhone.Build.0 = Release|Any CPU
		{DAE19596-01DB-49EB-9C67-2B7CF40FDA87}.Release|iPhoneSimulator.ActiveCfg = Release|Any CPU
		{DAE19596-01DB-49EB-9C67-2B7CF40FDA87}.Release|iPhoneSimulator.Build.0 = Release|Any CPU
		{DAE19596-01DB-49EB-9C67-2B7CF40FDA87}.Release|x64.ActiveCfg = Release|Any CPU
		{DAE19596-01DB-49EB-9C67-2B7CF40FDA87}.Release|x64.Build.0 = Release|Any CPU
		{DAE19596-01DB-49EB-9C67-2B7CF40FDA87}.Release|x86.ActiveCfg = Release|Any CPU
		{DAE19596-01DB-49EB-9C67-2B7CF40FDA87}.Release|x86.Build.0 = Release|Any CPU
		{276D425F-E8DD-4390-AB93-1A9C70DF2F1A}.Ad-Hoc|Any CPU.ActiveCfg = Release|Any CPU
		{276D425F-E8DD-4390-AB93-1A9C70DF2F1A}.Ad-Hoc|Any CPU.Build.0 = Release|Any CPU
		{276D425F-E8DD-4390-AB93-1A9C70DF2F1A}.Ad-Hoc|ARM.ActiveCfg = Release|Any CPU
		{276D425F-E8DD-4390-AB93-1A9C70DF2F1A}.Ad-Hoc|ARM.Build.0 = Release|Any CPU
		{276D425F-E8DD-4390-AB93-1A9C70DF2F1A}.Ad-Hoc|iPhone.ActiveCfg = Release|Any CPU
		{276D425F-E8DD-4390-AB93-1A9C70DF2F1A}.Ad-Hoc|iPhone.Build.0 = Release|Any CPU
		{276D425F-E8DD-4390-AB93-1A9C70DF2F1A}.Ad-Hoc|iPhoneSimulator.ActiveCfg = Release|Any CPU
		{276D425F-E8DD-4390-AB93-1A9C70DF2F1A}.Ad-Hoc|iPhoneSimulator.Build.0 = Release|Any CPU
		{276D425F-E8DD-4390-AB93-1A9C70DF2F1A}.Ad-Hoc|x64.ActiveCfg = Release|Any CPU
		{276D425F-E8DD-4390-AB93-1A9C70DF2F1A}.Ad-Hoc|x64.Build.0 = Release|Any CPU
		{276D425F-E8DD-4390-AB93-1A9C70DF2F1A}.Ad-Hoc|x86.ActiveCfg = Release|Any CPU
		{276D425F-E8DD-4390-AB93-1A9C70DF2F1A}.Ad-Hoc|x86.Build.0 = Release|Any CPU
		{276D425F-E8DD-4390-AB93-1A9C70DF2F1A}.AppStore|Any CPU.ActiveCfg = Release|Any CPU
		{276D425F-E8DD-4390-AB93-1A9C70DF2F1A}.AppStore|Any CPU.Build.0 = Release|Any CPU
		{276D425F-E8DD-4390-AB93-1A9C70DF2F1A}.AppStore|ARM.ActiveCfg = Release|Any CPU
		{276D425F-E8DD-4390-AB93-1A9C70DF2F1A}.AppStore|ARM.Build.0 = Release|Any CPU
		{276D425F-E8DD-4390-AB93-1A9C70DF2F1A}.AppStore|iPhone.ActiveCfg = Release|Any CPU
		{276D425F-E8DD-4390-AB93-1A9C70DF2F1A}.AppStore|iPhone.Build.0 = Release|Any CPU
		{276D425F-E8DD-4390-AB93-1A9C70DF2F1A}.AppStore|iPhoneSimulator.ActiveCfg = Release|Any CPU
		{276D425F-E8DD-4390-AB93-1A9C70DF2F1A}.AppStore|iPhoneSimulator.Build.0 = Release|Any CPU
		{276D425F-E8DD-4390-AB93-1A9C70DF2F1A}.AppStore|x64.ActiveCfg = Release|Any CPU
		{276D425F-E8DD-4390-AB93-1A9C70DF2F1A}.AppStore|x64.Build.0 = Release|Any CPU
		{276D425F-E8DD-4390-AB93-1A9C70DF2F1A}.AppStore|x86.ActiveCfg = Release|Any CPU
		{276D425F-E8DD-4390-AB93-1A9C70DF2F1A}.AppStore|x86.Build.0 = Release|Any CPU
		{276D425F-E8DD-4390-AB93-1A9C70DF2F1A}.Debug|Any CPU.ActiveCfg = Debug|Any CPU
		{276D425F-E8DD-4390-AB93-1A9C70DF2F1A}.Debug|Any CPU.Build.0 = Debug|Any CPU
		{276D425F-E8DD-4390-AB93-1A9C70DF2F1A}.Debug|ARM.ActiveCfg = Debug|Any CPU
		{276D425F-E8DD-4390-AB93-1A9C70DF2F1A}.Debug|ARM.Build.0 = Debug|Any CPU
		{276D425F-E8DD-4390-AB93-1A9C70DF2F1A}.Debug|iPhone.ActiveCfg = Debug|Any CPU
		{276D425F-E8DD-4390-AB93-1A9C70DF2F1A}.Debug|iPhone.Build.0 = Debug|Any CPU
		{276D425F-E8DD-4390-AB93-1A9C70DF2F1A}.Debug|iPhoneSimulator.ActiveCfg = Debug|Any CPU
		{276D425F-E8DD-4390-AB93-1A9C70DF2F1A}.Debug|iPhoneSimulator.Build.0 = Debug|Any CPU
		{276D425F-E8DD-4390-AB93-1A9C70DF2F1A}.Debug|x64.ActiveCfg = Debug|Any CPU
		{276D425F-E8DD-4390-AB93-1A9C70DF2F1A}.Debug|x64.Build.0 = Debug|Any CPU
		{276D425F-E8DD-4390-AB93-1A9C70DF2F1A}.Debug|x86.ActiveCfg = Debug|Any CPU
		{276D425F-E8DD-4390-AB93-1A9C70DF2F1A}.Debug|x86.Build.0 = Debug|Any CPU
		{276D425F-E8DD-4390-AB93-1A9C70DF2F1A}.Release|Any CPU.ActiveCfg = Release|Any CPU
		{276D425F-E8DD-4390-AB93-1A9C70DF2F1A}.Release|Any CPU.Build.0 = Release|Any CPU
		{276D425F-E8DD-4390-AB93-1A9C70DF2F1A}.Release|ARM.ActiveCfg = Release|Any CPU
		{276D425F-E8DD-4390-AB93-1A9C70DF2F1A}.Release|ARM.Build.0 = Release|Any CPU
		{276D425F-E8DD-4390-AB93-1A9C70DF2F1A}.Release|iPhone.ActiveCfg = Release|Any CPU
		{276D425F-E8DD-4390-AB93-1A9C70DF2F1A}.Release|iPhone.Build.0 = Release|Any CPU
		{276D425F-E8DD-4390-AB93-1A9C70DF2F1A}.Release|iPhoneSimulator.ActiveCfg = Release|Any CPU
		{276D425F-E8DD-4390-AB93-1A9C70DF2F1A}.Release|iPhoneSimulator.Build.0 = Release|Any CPU
		{276D425F-E8DD-4390-AB93-1A9C70DF2F1A}.Release|x64.ActiveCfg = Release|Any CPU
		{276D425F-E8DD-4390-AB93-1A9C70DF2F1A}.Release|x64.Build.0 = Release|Any CPU
		{276D425F-E8DD-4390-AB93-1A9C70DF2F1A}.Release|x86.ActiveCfg = Release|Any CPU
		{276D425F-E8DD-4390-AB93-1A9C70DF2F1A}.Release|x86.Build.0 = Release|Any CPU
		{1638E71C-2338-4E82-91C7-67A0A253B6BD}.Ad-Hoc|Any CPU.ActiveCfg = Release|Any CPU
		{1638E71C-2338-4E82-91C7-67A0A253B6BD}.Ad-Hoc|Any CPU.Build.0 = Release|Any CPU
		{1638E71C-2338-4E82-91C7-67A0A253B6BD}.Ad-Hoc|ARM.ActiveCfg = Release|ARM
		{1638E71C-2338-4E82-91C7-67A0A253B6BD}.Ad-Hoc|ARM.Build.0 = Release|ARM
		{1638E71C-2338-4E82-91C7-67A0A253B6BD}.Ad-Hoc|iPhone.ActiveCfg = Release|Any CPU
		{1638E71C-2338-4E82-91C7-67A0A253B6BD}.Ad-Hoc|iPhone.Build.0 = Release|Any CPU
		{1638E71C-2338-4E82-91C7-67A0A253B6BD}.Ad-Hoc|iPhoneSimulator.ActiveCfg = Release|Any CPU
		{1638E71C-2338-4E82-91C7-67A0A253B6BD}.Ad-Hoc|iPhoneSimulator.Build.0 = Release|Any CPU
		{1638E71C-2338-4E82-91C7-67A0A253B6BD}.Ad-Hoc|x64.ActiveCfg = Release|x64
		{1638E71C-2338-4E82-91C7-67A0A253B6BD}.Ad-Hoc|x64.Build.0 = Release|x64
		{1638E71C-2338-4E82-91C7-67A0A253B6BD}.Ad-Hoc|x86.ActiveCfg = Release|x86
		{1638E71C-2338-4E82-91C7-67A0A253B6BD}.Ad-Hoc|x86.Build.0 = Release|x86
		{1638E71C-2338-4E82-91C7-67A0A253B6BD}.AppStore|Any CPU.ActiveCfg = Release|Any CPU
		{1638E71C-2338-4E82-91C7-67A0A253B6BD}.AppStore|Any CPU.Build.0 = Release|Any CPU
		{1638E71C-2338-4E82-91C7-67A0A253B6BD}.AppStore|ARM.ActiveCfg = Release|ARM
		{1638E71C-2338-4E82-91C7-67A0A253B6BD}.AppStore|ARM.Build.0 = Release|ARM
		{1638E71C-2338-4E82-91C7-67A0A253B6BD}.AppStore|iPhone.ActiveCfg = Release|Any CPU
		{1638E71C-2338-4E82-91C7-67A0A253B6BD}.AppStore|iPhone.Build.0 = Release|Any CPU
		{1638E71C-2338-4E82-91C7-67A0A253B6BD}.AppStore|iPhoneSimulator.ActiveCfg = Release|Any CPU
		{1638E71C-2338-4E82-91C7-67A0A253B6BD}.AppStore|iPhoneSimulator.Build.0 = Release|Any CPU
		{1638E71C-2338-4E82-91C7-67A0A253B6BD}.AppStore|x64.ActiveCfg = Release|x64
		{1638E71C-2338-4E82-91C7-67A0A253B6BD}.AppStore|x64.Build.0 = Release|x64
		{1638E71C-2338-4E82-91C7-67A0A253B6BD}.AppStore|x86.ActiveCfg = Release|x86
		{1638E71C-2338-4E82-91C7-67A0A253B6BD}.AppStore|x86.Build.0 = Release|x86
		{1638E71C-2338-4E82-91C7-67A0A253B6BD}.Debug|Any CPU.ActiveCfg = Debug|Any CPU
		{1638E71C-2338-4E82-91C7-67A0A253B6BD}.Debug|Any CPU.Build.0 = Debug|Any CPU
		{1638E71C-2338-4E82-91C7-67A0A253B6BD}.Debug|ARM.ActiveCfg = Debug|ARM
		{1638E71C-2338-4E82-91C7-67A0A253B6BD}.Debug|ARM.Build.0 = Debug|ARM
		{1638E71C-2338-4E82-91C7-67A0A253B6BD}.Debug|iPhone.ActiveCfg = Debug|Any CPU
		{1638E71C-2338-4E82-91C7-67A0A253B6BD}.Debug|iPhone.Build.0 = Debug|Any CPU
		{1638E71C-2338-4E82-91C7-67A0A253B6BD}.Debug|iPhoneSimulator.ActiveCfg = Debug|Any CPU
		{1638E71C-2338-4E82-91C7-67A0A253B6BD}.Debug|iPhoneSimulator.Build.0 = Debug|Any CPU
		{1638E71C-2338-4E82-91C7-67A0A253B6BD}.Debug|x64.ActiveCfg = Debug|x64
		{1638E71C-2338-4E82-91C7-67A0A253B6BD}.Debug|x64.Build.0 = Debug|x64
		{1638E71C-2338-4E82-91C7-67A0A253B6BD}.Debug|x86.ActiveCfg = Debug|x86
		{1638E71C-2338-4E82-91C7-67A0A253B6BD}.Debug|x86.Build.0 = Debug|x86
		{1638E71C-2338-4E82-91C7-67A0A253B6BD}.Release|Any CPU.ActiveCfg = Release|Any CPU
		{1638E71C-2338-4E82-91C7-67A0A253B6BD}.Release|Any CPU.Build.0 = Release|Any CPU
		{1638E71C-2338-4E82-91C7-67A0A253B6BD}.Release|ARM.ActiveCfg = Release|ARM
		{1638E71C-2338-4E82-91C7-67A0A253B6BD}.Release|ARM.Build.0 = Release|ARM
		{1638E71C-2338-4E82-91C7-67A0A253B6BD}.Release|iPhone.ActiveCfg = Release|Any CPU
		{1638E71C-2338-4E82-91C7-67A0A253B6BD}.Release|iPhone.Build.0 = Release|Any CPU
		{1638E71C-2338-4E82-91C7-67A0A253B6BD}.Release|iPhoneSimulator.ActiveCfg = Release|Any CPU
		{1638E71C-2338-4E82-91C7-67A0A253B6BD}.Release|iPhoneSimulator.Build.0 = Release|Any CPU
		{1638E71C-2338-4E82-91C7-67A0A253B6BD}.Release|x64.ActiveCfg = Release|x64
		{1638E71C-2338-4E82-91C7-67A0A253B6BD}.Release|x64.Build.0 = Release|x64
		{1638E71C-2338-4E82-91C7-67A0A253B6BD}.Release|x86.ActiveCfg = Release|x86
		{1638E71C-2338-4E82-91C7-67A0A253B6BD}.Release|x86.Build.0 = Release|x86
		{69AB9CE6-F68B-4B57-A88B-5BD9DBFA6CDD}.Ad-Hoc|Any CPU.ActiveCfg = Release|Any CPU
		{69AB9CE6-F68B-4B57-A88B-5BD9DBFA6CDD}.Ad-Hoc|Any CPU.Build.0 = Release|Any CPU
		{69AB9CE6-F68B-4B57-A88B-5BD9DBFA6CDD}.Ad-Hoc|Any CPU.Deploy.0 = Release|Any CPU
		{69AB9CE6-F68B-4B57-A88B-5BD9DBFA6CDD}.Ad-Hoc|ARM.ActiveCfg = Release|Any CPU
		{69AB9CE6-F68B-4B57-A88B-5BD9DBFA6CDD}.Ad-Hoc|ARM.Build.0 = Release|Any CPU
		{69AB9CE6-F68B-4B57-A88B-5BD9DBFA6CDD}.Ad-Hoc|ARM.Deploy.0 = Release|Any CPU
		{69AB9CE6-F68B-4B57-A88B-5BD9DBFA6CDD}.Ad-Hoc|iPhone.ActiveCfg = Release|Any CPU
		{69AB9CE6-F68B-4B57-A88B-5BD9DBFA6CDD}.Ad-Hoc|iPhone.Build.0 = Release|Any CPU
		{69AB9CE6-F68B-4B57-A88B-5BD9DBFA6CDD}.Ad-Hoc|iPhone.Deploy.0 = Release|Any CPU
		{69AB9CE6-F68B-4B57-A88B-5BD9DBFA6CDD}.Ad-Hoc|iPhoneSimulator.ActiveCfg = Release|Any CPU
		{69AB9CE6-F68B-4B57-A88B-5BD9DBFA6CDD}.Ad-Hoc|iPhoneSimulator.Build.0 = Release|Any CPU
		{69AB9CE6-F68B-4B57-A88B-5BD9DBFA6CDD}.Ad-Hoc|iPhoneSimulator.Deploy.0 = Release|Any CPU
		{69AB9CE6-F68B-4B57-A88B-5BD9DBFA6CDD}.Ad-Hoc|x64.ActiveCfg = Release|Any CPU
		{69AB9CE6-F68B-4B57-A88B-5BD9DBFA6CDD}.Ad-Hoc|x64.Build.0 = Release|Any CPU
		{69AB9CE6-F68B-4B57-A88B-5BD9DBFA6CDD}.Ad-Hoc|x64.Deploy.0 = Release|Any CPU
		{69AB9CE6-F68B-4B57-A88B-5BD9DBFA6CDD}.Ad-Hoc|x86.ActiveCfg = Release|Any CPU
		{69AB9CE6-F68B-4B57-A88B-5BD9DBFA6CDD}.Ad-Hoc|x86.Build.0 = Release|Any CPU
		{69AB9CE6-F68B-4B57-A88B-5BD9DBFA6CDD}.Ad-Hoc|x86.Deploy.0 = Release|Any CPU
		{69AB9CE6-F68B-4B57-A88B-5BD9DBFA6CDD}.AppStore|Any CPU.ActiveCfg = Release|Any CPU
		{69AB9CE6-F68B-4B57-A88B-5BD9DBFA6CDD}.AppStore|Any CPU.Build.0 = Release|Any CPU
		{69AB9CE6-F68B-4B57-A88B-5BD9DBFA6CDD}.AppStore|Any CPU.Deploy.0 = Release|Any CPU
		{69AB9CE6-F68B-4B57-A88B-5BD9DBFA6CDD}.AppStore|ARM.ActiveCfg = Release|Any CPU
		{69AB9CE6-F68B-4B57-A88B-5BD9DBFA6CDD}.AppStore|ARM.Build.0 = Release|Any CPU
		{69AB9CE6-F68B-4B57-A88B-5BD9DBFA6CDD}.AppStore|ARM.Deploy.0 = Release|Any CPU
		{69AB9CE6-F68B-4B57-A88B-5BD9DBFA6CDD}.AppStore|iPhone.ActiveCfg = Release|Any CPU
		{69AB9CE6-F68B-4B57-A88B-5BD9DBFA6CDD}.AppStore|iPhone.Build.0 = Release|Any CPU
		{69AB9CE6-F68B-4B57-A88B-5BD9DBFA6CDD}.AppStore|iPhone.Deploy.0 = Release|Any CPU
		{69AB9CE6-F68B-4B57-A88B-5BD9DBFA6CDD}.AppStore|iPhoneSimulator.ActiveCfg = Release|Any CPU
		{69AB9CE6-F68B-4B57-A88B-5BD9DBFA6CDD}.AppStore|iPhoneSimulator.Build.0 = Release|Any CPU
		{69AB9CE6-F68B-4B57-A88B-5BD9DBFA6CDD}.AppStore|iPhoneSimulator.Deploy.0 = Release|Any CPU
		{69AB9CE6-F68B-4B57-A88B-5BD9DBFA6CDD}.AppStore|x64.ActiveCfg = Release|Any CPU
		{69AB9CE6-F68B-4B57-A88B-5BD9DBFA6CDD}.AppStore|x64.Build.0 = Release|Any CPU
		{69AB9CE6-F68B-4B57-A88B-5BD9DBFA6CDD}.AppStore|x64.Deploy.0 = Release|Any CPU
		{69AB9CE6-F68B-4B57-A88B-5BD9DBFA6CDD}.AppStore|x86.ActiveCfg = Release|Any CPU
		{69AB9CE6-F68B-4B57-A88B-5BD9DBFA6CDD}.AppStore|x86.Build.0 = Release|Any CPU
		{69AB9CE6-F68B-4B57-A88B-5BD9DBFA6CDD}.AppStore|x86.Deploy.0 = Release|Any CPU
		{69AB9CE6-F68B-4B57-A88B-5BD9DBFA6CDD}.Debug|Any CPU.ActiveCfg = Debug|Any CPU
		{69AB9CE6-F68B-4B57-A88B-5BD9DBFA6CDD}.Debug|Any CPU.Build.0 = Debug|Any CPU
		{69AB9CE6-F68B-4B57-A88B-5BD9DBFA6CDD}.Debug|Any CPU.Deploy.0 = Debug|Any CPU
		{69AB9CE6-F68B-4B57-A88B-5BD9DBFA6CDD}.Debug|ARM.ActiveCfg = Debug|Any CPU
		{69AB9CE6-F68B-4B57-A88B-5BD9DBFA6CDD}.Debug|ARM.Build.0 = Debug|Any CPU
		{69AB9CE6-F68B-4B57-A88B-5BD9DBFA6CDD}.Debug|ARM.Deploy.0 = Debug|Any CPU
		{69AB9CE6-F68B-4B57-A88B-5BD9DBFA6CDD}.Debug|iPhone.ActiveCfg = Debug|Any CPU
		{69AB9CE6-F68B-4B57-A88B-5BD9DBFA6CDD}.Debug|iPhone.Build.0 = Debug|Any CPU
		{69AB9CE6-F68B-4B57-A88B-5BD9DBFA6CDD}.Debug|iPhone.Deploy.0 = Debug|Any CPU
		{69AB9CE6-F68B-4B57-A88B-5BD9DBFA6CDD}.Debug|iPhoneSimulator.ActiveCfg = Debug|Any CPU
		{69AB9CE6-F68B-4B57-A88B-5BD9DBFA6CDD}.Debug|iPhoneSimulator.Build.0 = Debug|Any CPU
		{69AB9CE6-F68B-4B57-A88B-5BD9DBFA6CDD}.Debug|iPhoneSimulator.Deploy.0 = Debug|Any CPU
		{69AB9CE6-F68B-4B57-A88B-5BD9DBFA6CDD}.Debug|x64.ActiveCfg = Debug|Any CPU
		{69AB9CE6-F68B-4B57-A88B-5BD9DBFA6CDD}.Debug|x64.Build.0 = Debug|Any CPU
		{69AB9CE6-F68B-4B57-A88B-5BD9DBFA6CDD}.Debug|x64.Deploy.0 = Debug|Any CPU
		{69AB9CE6-F68B-4B57-A88B-5BD9DBFA6CDD}.Debug|x86.ActiveCfg = Debug|Any CPU
		{69AB9CE6-F68B-4B57-A88B-5BD9DBFA6CDD}.Debug|x86.Build.0 = Debug|Any CPU
		{69AB9CE6-F68B-4B57-A88B-5BD9DBFA6CDD}.Debug|x86.Deploy.0 = Debug|Any CPU
		{69AB9CE6-F68B-4B57-A88B-5BD9DBFA6CDD}.Release|Any CPU.ActiveCfg = Release|Any CPU
		{69AB9CE6-F68B-4B57-A88B-5BD9DBFA6CDD}.Release|Any CPU.Build.0 = Release|Any CPU
		{69AB9CE6-F68B-4B57-A88B-5BD9DBFA6CDD}.Release|Any CPU.Deploy.0 = Release|Any CPU
		{69AB9CE6-F68B-4B57-A88B-5BD9DBFA6CDD}.Release|ARM.ActiveCfg = Release|Any CPU
		{69AB9CE6-F68B-4B57-A88B-5BD9DBFA6CDD}.Release|ARM.Build.0 = Release|Any CPU
		{69AB9CE6-F68B-4B57-A88B-5BD9DBFA6CDD}.Release|ARM.Deploy.0 = Release|Any CPU
		{69AB9CE6-F68B-4B57-A88B-5BD9DBFA6CDD}.Release|iPhone.ActiveCfg = Release|Any CPU
		{69AB9CE6-F68B-4B57-A88B-5BD9DBFA6CDD}.Release|iPhone.Build.0 = Release|Any CPU
		{69AB9CE6-F68B-4B57-A88B-5BD9DBFA6CDD}.Release|iPhone.Deploy.0 = Release|Any CPU
		{69AB9CE6-F68B-4B57-A88B-5BD9DBFA6CDD}.Release|iPhoneSimulator.ActiveCfg = Release|Any CPU
		{69AB9CE6-F68B-4B57-A88B-5BD9DBFA6CDD}.Release|iPhoneSimulator.Build.0 = Release|Any CPU
		{69AB9CE6-F68B-4B57-A88B-5BD9DBFA6CDD}.Release|iPhoneSimulator.Deploy.0 = Release|Any CPU
		{69AB9CE6-F68B-4B57-A88B-5BD9DBFA6CDD}.Release|x64.ActiveCfg = Release|Any CPU
		{69AB9CE6-F68B-4B57-A88B-5BD9DBFA6CDD}.Release|x64.Build.0 = Release|Any CPU
		{69AB9CE6-F68B-4B57-A88B-5BD9DBFA6CDD}.Release|x64.Deploy.0 = Release|Any CPU
		{69AB9CE6-F68B-4B57-A88B-5BD9DBFA6CDD}.Release|x86.ActiveCfg = Release|Any CPU
		{69AB9CE6-F68B-4B57-A88B-5BD9DBFA6CDD}.Release|x86.Build.0 = Release|Any CPU
		{69AB9CE6-F68B-4B57-A88B-5BD9DBFA6CDD}.Release|x86.Deploy.0 = Release|Any CPU
		{6A2CFCB1-3A32-4821-89A1-8155F086BE40}.Ad-Hoc|Any CPU.ActiveCfg = Release|Any CPU
		{6A2CFCB1-3A32-4821-89A1-8155F086BE40}.Ad-Hoc|Any CPU.Build.0 = Release|Any CPU
		{6A2CFCB1-3A32-4821-89A1-8155F086BE40}.Ad-Hoc|ARM.ActiveCfg = Release|Any CPU
		{6A2CFCB1-3A32-4821-89A1-8155F086BE40}.Ad-Hoc|ARM.Build.0 = Release|Any CPU
		{6A2CFCB1-3A32-4821-89A1-8155F086BE40}.Ad-Hoc|iPhone.ActiveCfg = Release|Any CPU
		{6A2CFCB1-3A32-4821-89A1-8155F086BE40}.Ad-Hoc|iPhone.Build.0 = Release|Any CPU
		{6A2CFCB1-3A32-4821-89A1-8155F086BE40}.Ad-Hoc|iPhoneSimulator.ActiveCfg = Release|Any CPU
		{6A2CFCB1-3A32-4821-89A1-8155F086BE40}.Ad-Hoc|iPhoneSimulator.Build.0 = Release|Any CPU
		{6A2CFCB1-3A32-4821-89A1-8155F086BE40}.Ad-Hoc|x64.ActiveCfg = Release|Any CPU
		{6A2CFCB1-3A32-4821-89A1-8155F086BE40}.Ad-Hoc|x64.Build.0 = Release|Any CPU
		{6A2CFCB1-3A32-4821-89A1-8155F086BE40}.Ad-Hoc|x86.ActiveCfg = Release|Any CPU
		{6A2CFCB1-3A32-4821-89A1-8155F086BE40}.Ad-Hoc|x86.Build.0 = Release|Any CPU
		{6A2CFCB1-3A32-4821-89A1-8155F086BE40}.AppStore|Any CPU.ActiveCfg = Release|Any CPU
		{6A2CFCB1-3A32-4821-89A1-8155F086BE40}.AppStore|Any CPU.Build.0 = Release|Any CPU
		{6A2CFCB1-3A32-4821-89A1-8155F086BE40}.AppStore|ARM.ActiveCfg = Release|Any CPU
		{6A2CFCB1-3A32-4821-89A1-8155F086BE40}.AppStore|ARM.Build.0 = Release|Any CPU
		{6A2CFCB1-3A32-4821-89A1-8155F086BE40}.AppStore|iPhone.ActiveCfg = Release|Any CPU
		{6A2CFCB1-3A32-4821-89A1-8155F086BE40}.AppStore|iPhone.Build.0 = Release|Any CPU
		{6A2CFCB1-3A32-4821-89A1-8155F086BE40}.AppStore|iPhoneSimulator.ActiveCfg = Release|Any CPU
		{6A2CFCB1-3A32-4821-89A1-8155F086BE40}.AppStore|iPhoneSimulator.Build.0 = Release|Any CPU
		{6A2CFCB1-3A32-4821-89A1-8155F086BE40}.AppStore|x64.ActiveCfg = Release|Any CPU
		{6A2CFCB1-3A32-4821-89A1-8155F086BE40}.AppStore|x64.Build.0 = Release|Any CPU
		{6A2CFCB1-3A32-4821-89A1-8155F086BE40}.AppStore|x86.ActiveCfg = Release|Any CPU
		{6A2CFCB1-3A32-4821-89A1-8155F086BE40}.AppStore|x86.Build.0 = Release|Any CPU
		{6A2CFCB1-3A32-4821-89A1-8155F086BE40}.Debug|Any CPU.ActiveCfg = Debug|Any CPU
		{6A2CFCB1-3A32-4821-89A1-8155F086BE40}.Debug|Any CPU.Build.0 = Debug|Any CPU
		{6A2CFCB1-3A32-4821-89A1-8155F086BE40}.Debug|ARM.ActiveCfg = Debug|Any CPU
		{6A2CFCB1-3A32-4821-89A1-8155F086BE40}.Debug|ARM.Build.0 = Debug|Any CPU
		{6A2CFCB1-3A32-4821-89A1-8155F086BE40}.Debug|iPhone.ActiveCfg = Debug|Any CPU
		{6A2CFCB1-3A32-4821-89A1-8155F086BE40}.Debug|iPhone.Build.0 = Debug|Any CPU
		{6A2CFCB1-3A32-4821-89A1-8155F086BE40}.Debug|iPhoneSimulator.ActiveCfg = Debug|Any CPU
		{6A2CFCB1-3A32-4821-89A1-8155F086BE40}.Debug|iPhoneSimulator.Build.0 = Debug|Any CPU
		{6A2CFCB1-3A32-4821-89A1-8155F086BE40}.Debug|x64.ActiveCfg = Debug|Any CPU
		{6A2CFCB1-3A32-4821-89A1-8155F086BE40}.Debug|x64.Build.0 = Debug|Any CPU
		{6A2CFCB1-3A32-4821-89A1-8155F086BE40}.Debug|x86.ActiveCfg = Debug|Any CPU
		{6A2CFCB1-3A32-4821-89A1-8155F086BE40}.Debug|x86.Build.0 = Debug|Any CPU
		{6A2CFCB1-3A32-4821-89A1-8155F086BE40}.Release|Any CPU.ActiveCfg = Release|Any CPU
		{6A2CFCB1-3A32-4821-89A1-8155F086BE40}.Release|Any CPU.Build.0 = Release|Any CPU
		{6A2CFCB1-3A32-4821-89A1-8155F086BE40}.Release|ARM.ActiveCfg = Release|Any CPU
		{6A2CFCB1-3A32-4821-89A1-8155F086BE40}.Release|ARM.Build.0 = Release|Any CPU
		{6A2CFCB1-3A32-4821-89A1-8155F086BE40}.Release|iPhone.ActiveCfg = Release|Any CPU
		{6A2CFCB1-3A32-4821-89A1-8155F086BE40}.Release|iPhone.Build.0 = Release|Any CPU
		{6A2CFCB1-3A32-4821-89A1-8155F086BE40}.Release|iPhoneSimulator.ActiveCfg = Release|Any CPU
		{6A2CFCB1-3A32-4821-89A1-8155F086BE40}.Release|iPhoneSimulator.Build.0 = Release|Any CPU
		{6A2CFCB1-3A32-4821-89A1-8155F086BE40}.Release|x64.ActiveCfg = Release|Any CPU
		{6A2CFCB1-3A32-4821-89A1-8155F086BE40}.Release|x64.Build.0 = Release|Any CPU
		{6A2CFCB1-3A32-4821-89A1-8155F086BE40}.Release|x86.ActiveCfg = Release|Any CPU
		{6A2CFCB1-3A32-4821-89A1-8155F086BE40}.Release|x86.Build.0 = Release|Any CPU
		{DA386324-5E72-4F80-BA1C-3EA0B98234B0}.Ad-Hoc|Any CPU.ActiveCfg = Release|x86
		{DA386324-5E72-4F80-BA1C-3EA0B98234B0}.Ad-Hoc|Any CPU.Build.0 = Release|x86
		{DA386324-5E72-4F80-BA1C-3EA0B98234B0}.Ad-Hoc|Any CPU.Deploy.0 = Release|x86
		{DA386324-5E72-4F80-BA1C-3EA0B98234B0}.Ad-Hoc|ARM.ActiveCfg = Release|ARM
		{DA386324-5E72-4F80-BA1C-3EA0B98234B0}.Ad-Hoc|ARM.Build.0 = Release|ARM
		{DA386324-5E72-4F80-BA1C-3EA0B98234B0}.Ad-Hoc|ARM.Deploy.0 = Release|ARM
		{DA386324-5E72-4F80-BA1C-3EA0B98234B0}.Ad-Hoc|iPhone.ActiveCfg = Release|x86
		{DA386324-5E72-4F80-BA1C-3EA0B98234B0}.Ad-Hoc|iPhone.Build.0 = Release|x86
		{DA386324-5E72-4F80-BA1C-3EA0B98234B0}.Ad-Hoc|iPhone.Deploy.0 = Release|x86
		{DA386324-5E72-4F80-BA1C-3EA0B98234B0}.Ad-Hoc|iPhoneSimulator.ActiveCfg = Release|x86
		{DA386324-5E72-4F80-BA1C-3EA0B98234B0}.Ad-Hoc|iPhoneSimulator.Build.0 = Release|x86
		{DA386324-5E72-4F80-BA1C-3EA0B98234B0}.Ad-Hoc|iPhoneSimulator.Deploy.0 = Release|x86
		{DA386324-5E72-4F80-BA1C-3EA0B98234B0}.Ad-Hoc|x64.ActiveCfg = Release|x64
		{DA386324-5E72-4F80-BA1C-3EA0B98234B0}.Ad-Hoc|x64.Build.0 = Release|x64
		{DA386324-5E72-4F80-BA1C-3EA0B98234B0}.Ad-Hoc|x64.Deploy.0 = Release|x64
		{DA386324-5E72-4F80-BA1C-3EA0B98234B0}.Ad-Hoc|x86.ActiveCfg = Release|x86
		{DA386324-5E72-4F80-BA1C-3EA0B98234B0}.Ad-Hoc|x86.Build.0 = Release|x86
		{DA386324-5E72-4F80-BA1C-3EA0B98234B0}.Ad-Hoc|x86.Deploy.0 = Release|x86
		{DA386324-5E72-4F80-BA1C-3EA0B98234B0}.AppStore|Any CPU.ActiveCfg = Release|x86
		{DA386324-5E72-4F80-BA1C-3EA0B98234B0}.AppStore|Any CPU.Build.0 = Release|x86
		{DA386324-5E72-4F80-BA1C-3EA0B98234B0}.AppStore|Any CPU.Deploy.0 = Release|x86
		{DA386324-5E72-4F80-BA1C-3EA0B98234B0}.AppStore|ARM.ActiveCfg = Release|ARM
		{DA386324-5E72-4F80-BA1C-3EA0B98234B0}.AppStore|ARM.Build.0 = Release|ARM
		{DA386324-5E72-4F80-BA1C-3EA0B98234B0}.AppStore|ARM.Deploy.0 = Release|ARM
		{DA386324-5E72-4F80-BA1C-3EA0B98234B0}.AppStore|iPhone.ActiveCfg = Release|x86
		{DA386324-5E72-4F80-BA1C-3EA0B98234B0}.AppStore|iPhone.Build.0 = Release|x86
		{DA386324-5E72-4F80-BA1C-3EA0B98234B0}.AppStore|iPhone.Deploy.0 = Release|x86
		{DA386324-5E72-4F80-BA1C-3EA0B98234B0}.AppStore|iPhoneSimulator.ActiveCfg = Release|x86
		{DA386324-5E72-4F80-BA1C-3EA0B98234B0}.AppStore|iPhoneSimulator.Build.0 = Release|x86
		{DA386324-5E72-4F80-BA1C-3EA0B98234B0}.AppStore|iPhoneSimulator.Deploy.0 = Release|x86
		{DA386324-5E72-4F80-BA1C-3EA0B98234B0}.AppStore|x64.ActiveCfg = Release|x64
		{DA386324-5E72-4F80-BA1C-3EA0B98234B0}.AppStore|x64.Build.0 = Release|x64
		{DA386324-5E72-4F80-BA1C-3EA0B98234B0}.AppStore|x64.Deploy.0 = Release|x64
		{DA386324-5E72-4F80-BA1C-3EA0B98234B0}.AppStore|x86.ActiveCfg = Release|x86
		{DA386324-5E72-4F80-BA1C-3EA0B98234B0}.AppStore|x86.Build.0 = Release|x86
		{DA386324-5E72-4F80-BA1C-3EA0B98234B0}.AppStore|x86.Deploy.0 = Release|x86
		{DA386324-5E72-4F80-BA1C-3EA0B98234B0}.Debug|Any CPU.ActiveCfg = Debug|x86
		{DA386324-5E72-4F80-BA1C-3EA0B98234B0}.Debug|ARM.ActiveCfg = Debug|ARM
		{DA386324-5E72-4F80-BA1C-3EA0B98234B0}.Debug|ARM.Build.0 = Debug|ARM
		{DA386324-5E72-4F80-BA1C-3EA0B98234B0}.Debug|ARM.Deploy.0 = Debug|ARM
		{DA386324-5E72-4F80-BA1C-3EA0B98234B0}.Debug|iPhone.ActiveCfg = Debug|x86
		{DA386324-5E72-4F80-BA1C-3EA0B98234B0}.Debug|iPhoneSimulator.ActiveCfg = Debug|x86
		{DA386324-5E72-4F80-BA1C-3EA0B98234B0}.Debug|x64.ActiveCfg = Debug|x64
		{DA386324-5E72-4F80-BA1C-3EA0B98234B0}.Debug|x64.Build.0 = Debug|x64
		{DA386324-5E72-4F80-BA1C-3EA0B98234B0}.Debug|x64.Deploy.0 = Debug|x64
		{DA386324-5E72-4F80-BA1C-3EA0B98234B0}.Debug|x86.ActiveCfg = Debug|x86
		{DA386324-5E72-4F80-BA1C-3EA0B98234B0}.Debug|x86.Build.0 = Debug|x86
		{DA386324-5E72-4F80-BA1C-3EA0B98234B0}.Debug|x86.Deploy.0 = Debug|x86
		{DA386324-5E72-4F80-BA1C-3EA0B98234B0}.Release|Any CPU.ActiveCfg = Release|x86
		{DA386324-5E72-4F80-BA1C-3EA0B98234B0}.Release|ARM.ActiveCfg = Release|ARM
		{DA386324-5E72-4F80-BA1C-3EA0B98234B0}.Release|ARM.Build.0 = Release|ARM
		{DA386324-5E72-4F80-BA1C-3EA0B98234B0}.Release|ARM.Deploy.0 = Release|ARM
		{DA386324-5E72-4F80-BA1C-3EA0B98234B0}.Release|iPhone.ActiveCfg = Release|x86
		{DA386324-5E72-4F80-BA1C-3EA0B98234B0}.Release|iPhoneSimulator.ActiveCfg = Release|x86
		{DA386324-5E72-4F80-BA1C-3EA0B98234B0}.Release|x64.ActiveCfg = Release|x64
		{DA386324-5E72-4F80-BA1C-3EA0B98234B0}.Release|x64.Build.0 = Release|x64
		{DA386324-5E72-4F80-BA1C-3EA0B98234B0}.Release|x64.Deploy.0 = Release|x64
		{DA386324-5E72-4F80-BA1C-3EA0B98234B0}.Release|x86.ActiveCfg = Release|x86
		{DA386324-5E72-4F80-BA1C-3EA0B98234B0}.Release|x86.Build.0 = Release|x86
		{DA386324-5E72-4F80-BA1C-3EA0B98234B0}.Release|x86.Deploy.0 = Release|x86
		{89D1D5DB-032B-4373-871D-CFC8050C5F6D}.Ad-Hoc|Any CPU.ActiveCfg = Ad-Hoc|iPhone
		{89D1D5DB-032B-4373-871D-CFC8050C5F6D}.Ad-Hoc|ARM.ActiveCfg = Ad-Hoc|iPhone
		{89D1D5DB-032B-4373-871D-CFC8050C5F6D}.Ad-Hoc|iPhone.ActiveCfg = Ad-Hoc|iPhone
		{89D1D5DB-032B-4373-871D-CFC8050C5F6D}.Ad-Hoc|iPhone.Build.0 = Ad-Hoc|iPhone
		{89D1D5DB-032B-4373-871D-CFC8050C5F6D}.Ad-Hoc|iPhoneSimulator.ActiveCfg = Ad-Hoc|iPhoneSimulator
		{89D1D5DB-032B-4373-871D-CFC8050C5F6D}.Ad-Hoc|iPhoneSimulator.Build.0 = Ad-Hoc|iPhoneSimulator
		{89D1D5DB-032B-4373-871D-CFC8050C5F6D}.Ad-Hoc|x64.ActiveCfg = Ad-Hoc|iPhone
		{89D1D5DB-032B-4373-871D-CFC8050C5F6D}.Ad-Hoc|x86.ActiveCfg = Ad-Hoc|iPhone
		{89D1D5DB-032B-4373-871D-CFC8050C5F6D}.AppStore|Any CPU.ActiveCfg = AppStore|iPhone
		{89D1D5DB-032B-4373-871D-CFC8050C5F6D}.AppStore|ARM.ActiveCfg = AppStore|iPhone
		{89D1D5DB-032B-4373-871D-CFC8050C5F6D}.AppStore|iPhone.ActiveCfg = AppStore|iPhone
		{89D1D5DB-032B-4373-871D-CFC8050C5F6D}.AppStore|iPhone.Build.0 = AppStore|iPhone
		{89D1D5DB-032B-4373-871D-CFC8050C5F6D}.AppStore|iPhoneSimulator.ActiveCfg = AppStore|iPhoneSimulator
		{89D1D5DB-032B-4373-871D-CFC8050C5F6D}.AppStore|iPhoneSimulator.Build.0 = AppStore|iPhoneSimulator
		{89D1D5DB-032B-4373-871D-CFC8050C5F6D}.AppStore|x64.ActiveCfg = AppStore|iPhone
		{89D1D5DB-032B-4373-871D-CFC8050C5F6D}.AppStore|x86.ActiveCfg = AppStore|iPhone
		{89D1D5DB-032B-4373-871D-CFC8050C5F6D}.Debug|Any CPU.ActiveCfg = Debug|iPhone
		{89D1D5DB-032B-4373-871D-CFC8050C5F6D}.Debug|ARM.ActiveCfg = Debug|iPhone
		{89D1D5DB-032B-4373-871D-CFC8050C5F6D}.Debug|iPhone.ActiveCfg = Debug|iPhone
		{89D1D5DB-032B-4373-871D-CFC8050C5F6D}.Debug|iPhone.Build.0 = Debug|iPhone
		{89D1D5DB-032B-4373-871D-CFC8050C5F6D}.Debug|iPhoneSimulator.ActiveCfg = Debug|iPhoneSimulator
		{89D1D5DB-032B-4373-871D-CFC8050C5F6D}.Debug|iPhoneSimulator.Build.0 = Debug|iPhoneSimulator
		{89D1D5DB-032B-4373-871D-CFC8050C5F6D}.Debug|x64.ActiveCfg = Debug|iPhone
		{89D1D5DB-032B-4373-871D-CFC8050C5F6D}.Debug|x86.ActiveCfg = Debug|iPhone
		{89D1D5DB-032B-4373-871D-CFC8050C5F6D}.Release|Any CPU.ActiveCfg = Release|iPhone
		{89D1D5DB-032B-4373-871D-CFC8050C5F6D}.Release|ARM.ActiveCfg = Release|iPhone
		{89D1D5DB-032B-4373-871D-CFC8050C5F6D}.Release|iPhone.ActiveCfg = Release|iPhone
		{89D1D5DB-032B-4373-871D-CFC8050C5F6D}.Release|iPhone.Build.0 = Release|iPhone
		{89D1D5DB-032B-4373-871D-CFC8050C5F6D}.Release|iPhoneSimulator.ActiveCfg = Release|iPhoneSimulator
		{89D1D5DB-032B-4373-871D-CFC8050C5F6D}.Release|iPhoneSimulator.Build.0 = Release|iPhoneSimulator
		{89D1D5DB-032B-4373-871D-CFC8050C5F6D}.Release|x64.ActiveCfg = Release|iPhone
		{89D1D5DB-032B-4373-871D-CFC8050C5F6D}.Release|x86.ActiveCfg = Release|iPhone
	EndGlobalSection
	GlobalSection(SolutionProperties) = preSolution
		HideSolutionNode = FALSE
	EndGlobalSection
	GlobalSection(NestedProjects) = preSolution
		{69AB9CE6-F68B-4B57-A88B-5BD9DBFA6CDD} = {5E8C8422-3EB8-43D3-9257-7A5FD7A42D3D}
		{6A2CFCB1-3A32-4821-89A1-8155F086BE40} = {5E8C8422-3EB8-43D3-9257-7A5FD7A42D3D}
		{DA386324-5E72-4F80-BA1C-3EA0B98234B0} = {5E8C8422-3EB8-43D3-9257-7A5FD7A42D3D}
		{89D1D5DB-032B-4373-871D-CFC8050C5F6D} = {5E8C8422-3EB8-43D3-9257-7A5FD7A42D3D}
	EndGlobalSection
EndGlobal
